// !$*UTF8*$!
{
	archiveVersion = 1;
	classes = {
	};
	objectVersion = 55;
	objects = {

/* Begin PBXBuildFile section */
		860F80F428D17B4C00E9AF62 /* AppDelegate.swift in Sources */ = {isa = PBXBuildFile; fileRef = 860F80F328D17B4C00E9AF62 /* AppDelegate.swift */; };
		860F80F828D17B4C00E9AF62 /* ViewController.swift in Sources */ = {isa = PBXBuildFile; fileRef = 860F80F728D17B4C00E9AF62 /* ViewController.swift */; };
		860F80FB28D17B4C00E9AF62 /* Main.storyboard in Resources */ = {isa = PBXBuildFile; fileRef = 860F80F928D17B4C00E9AF62 /* Main.storyboard */; };
		860F80FD28D17B4E00E9AF62 /* Assets.xcassets in Resources */ = {isa = PBXBuildFile; fileRef = 860F80FC28D17B4E00E9AF62 /* Assets.xcassets */; };
		860F810028D17B4E00E9AF62 /* LaunchScreen.storyboard in Resources */ = {isa = PBXBuildFile; fileRef = 860F80FE28D17B4E00E9AF62 /* LaunchScreen.storyboard */; };
		8C97AEE48A547F3464F4A243 /* Pods_ZegoPrebuiltVideoConferenceDemo.framework in Frameworks */ = {isa = PBXBuildFile; fileRef = 17D67CFF78B5A4133EC8FC1B /* Pods_ZegoPrebuiltVideoConferenceDemo.framework */; };
/* End PBXBuildFile section */

/* Begin PBXFileReference section */
		17D67CFF78B5A4133EC8FC1B /* Pods_ZegoPrebuiltVideoConferenceDemo.framework */ = {isa = PBXFileReference; explicitFileType = wrapper.framework; includeInIndex = 0; path = Pods_ZegoPrebuiltVideoConferenceDemo.framework; sourceTree = BUILT_PRODUCTS_DIR; };
		1E6B8CAA0E82CB2EAF2B2568 /* Pods-ZegoPrebuiltVideoConferenceDemo.release.xcconfig */ = {isa = PBXFileReference; includeInIndex = 1; lastKnownFileType = text.xcconfig; name = "Pods-ZegoPrebuiltVideoConferenceDemo.release.xcconfig"; path = "Target Support Files/Pods-ZegoPrebuiltVideoConferenceDemo/Pods-ZegoPrebuiltVideoConferenceDemo.release.xcconfig"; sourceTree = "<group>"; };
		6E3E7DAB85F68C813687BECD /* Pods-ZegoPrebuiltVideoConferenceDemo.debug.xcconfig */ = {isa = PBXFileReference; includeInIndex = 1; lastKnownFileType = text.xcconfig; name = "Pods-ZegoPrebuiltVideoConferenceDemo.debug.xcconfig"; path = "Target Support Files/Pods-ZegoPrebuiltVideoConferenceDemo/Pods-ZegoPrebuiltVideoConferenceDemo.debug.xcconfig"; sourceTree = "<group>"; };
		8608C9C628D3056000903316 /* ZegoUIKitSDK.framework */ = {isa = PBXFileReference; explicitFileType = wrapper.framework; path = ZegoUIKitSDK.framework; sourceTree = BUILT_PRODUCTS_DIR; };
		860F80F028D17B4C00E9AF62 /* ZegoPrebuiltVideoConferenceDemo.app */ = {isa = PBXFileReference; explicitFileType = wrapper.application; includeInIndex = 0; path = ZegoPrebuiltVideoConferenceDemo.app; sourceTree = BUILT_PRODUCTS_DIR; };
		860F80F328D17B4C00E9AF62 /* AppDelegate.swift */ = {isa = PBXFileReference; lastKnownFileType = sourcecode.swift; path = AppDelegate.swift; sourceTree = "<group>"; };
		860F80F728D17B4C00E9AF62 /* ViewController.swift */ = {isa = PBXFileReference; lastKnownFileType = sourcecode.swift; path = ViewController.swift; sourceTree = "<group>"; };
		860F80FA28D17B4C00E9AF62 /* Base */ = {isa = PBXFileReference; lastKnownFileType = file.storyboard; name = Base; path = Base.lproj/Main.storyboard; sourceTree = "<group>"; };
		860F80FC28D17B4E00E9AF62 /* Assets.xcassets */ = {isa = PBXFileReference; lastKnownFileType = folder.assetcatalog; path = Assets.xcassets; sourceTree = "<group>"; };
		860F80FF28D17B4E00E9AF62 /* Base */ = {isa = PBXFileReference; lastKnownFileType = file.storyboard; name = Base; path = Base.lproj/LaunchScreen.storyboard; sourceTree = "<group>"; };
		860F810128D17B4E00E9AF62 /* Info.plist */ = {isa = PBXFileReference; lastKnownFileType = text.plist.xml; path = Info.plist; sourceTree = "<group>"; };
		860F810728D17BE700E9AF62 /* ZegoUIKitSDK.framework */ = {isa = PBXFileReference; explicitFileType = wrapper.framework; path = ZegoUIKitSDK.framework; sourceTree = BUILT_PRODUCTS_DIR; };
		B52EB8EE0A43D6185314E097 /* Pods-ZegoPrebuiltVideoConferenceDemo.release.xcconfig */ = {isa = PBXFileReference; includeInIndex = 1; lastKnownFileType = text.xcconfig; name = "Pods-ZegoPrebuiltVideoConferenceDemo.release.xcconfig"; path = "Target Support Files/Pods-ZegoPrebuiltVideoConferenceDemo/Pods-ZegoPrebuiltVideoConferenceDemo.release.xcconfig"; sourceTree = "<group>"; };
		DE3021BBE9E00F50AF1CDA8A /* Pods-ZegoPrebuiltVideoConferenceDemo.debug.xcconfig */ = {isa = PBXFileReference; includeInIndex = 1; lastKnownFileType = text.xcconfig; name = "Pods-ZegoPrebuiltVideoConferenceDemo.debug.xcconfig"; path = "Target Support Files/Pods-ZegoPrebuiltVideoConferenceDemo/Pods-ZegoPrebuiltVideoConferenceDemo.debug.xcconfig"; sourceTree = "<group>"; };
/* End PBXFileReference section */

/* Begin PBXFrameworksBuildPhase section */
		860F80ED28D17B4C00E9AF62 /* Frameworks */ = {
			isa = PBXFrameworksBuildPhase;
			buildActionMask = 2147483647;
			files = (
				8C97AEE48A547F3464F4A243 /* Pods_ZegoPrebuiltVideoConferenceDemo.framework in Frameworks */,
			);
			runOnlyForDeploymentPostprocessing = 0;
		};
/* End PBXFrameworksBuildPhase section */

/* Begin PBXGroup section */
		860F80E728D17B4C00E9AF62 = {
			isa = PBXGroup;
			children = (
				860F80F228D17B4C00E9AF62 /* ZegoPrebuiltVideoConferenceDemo */,
				860F80F128D17B4C00E9AF62 /* Products */,
				FA0DC5368C89B0A5922602D3 /* Pods */,
				CC6CA046EF0E392B7F1B4AAE /* Frameworks */,
			);
			sourceTree = "<group>";
		};
		860F80F128D17B4C00E9AF62 /* Products */ = {
			isa = PBXGroup;
			children = (
				860F80F028D17B4C00E9AF62 /* ZegoPrebuiltVideoConferenceDemo.app */,
			);
			name = Products;
			sourceTree = "<group>";
		};
		860F80F228D17B4C00E9AF62 /* ZegoPrebuiltVideoConferenceDemo */ = {
			isa = PBXGroup;
			children = (
				860F80F328D17B4C00E9AF62 /* AppDelegate.swift */,
				860F80F728D17B4C00E9AF62 /* ViewController.swift */,
				860F80F928D17B4C00E9AF62 /* Main.storyboard */,
				860F80FC28D17B4E00E9AF62 /* Assets.xcassets */,
				860F80FE28D17B4E00E9AF62 /* LaunchScreen.storyboard */,
				860F810128D17B4E00E9AF62 /* Info.plist */,
			);
			path = ZegoPrebuiltVideoConferenceDemo;
			sourceTree = "<group>";
		};
		CC6CA046EF0E392B7F1B4AAE /* Frameworks */ = {
			isa = PBXGroup;
			children = (
				8608C9C628D3056000903316 /* ZegoUIKitSDK.framework */,
				860F810728D17BE700E9AF62 /* ZegoUIKitSDK.framework */,
				17D67CFF78B5A4133EC8FC1B /* Pods_ZegoPrebuiltVideoConferenceDemo.framework */,
			);
			name = Frameworks;
			sourceTree = "<group>";
		};
		FA0DC5368C89B0A5922602D3 /* Pods */ = {
			isa = PBXGroup;
			children = (
				6E3E7DAB85F68C813687BECD /* Pods-ZegoPrebuiltVideoConferenceDemo.debug.xcconfig */,
				B52EB8EE0A43D6185314E097 /* Pods-ZegoPrebuiltVideoConferenceDemo.release.xcconfig */,
				DE3021BBE9E00F50AF1CDA8A /* Pods-ZegoPrebuiltVideoConferenceDemo.debug.xcconfig */,
				1E6B8CAA0E82CB2EAF2B2568 /* Pods-ZegoPrebuiltVideoConferenceDemo.release.xcconfig */,
			);
			path = Pods;
			sourceTree = "<group>";
		};
/* End PBXGroup section */

/* Begin PBXNativeTarget section */
		860F80EF28D17B4C00E9AF62 /* ZegoPrebuiltVideoConferenceDemo */ = {
			isa = PBXNativeTarget;
			buildConfigurationList = 860F810428D17B4E00E9AF62 /* Build configuration list for PBXNativeTarget "ZegoPrebuiltVideoConferenceDemo" */;
			buildPhases = (
				76099C6A3180B222BBC65F3A /* [CP] Check Pods Manifest.lock */,
				860F80EC28D17B4C00E9AF62 /* Sources */,
				860F80ED28D17B4C00E9AF62 /* Frameworks */,
				860F80EE28D17B4C00E9AF62 /* Resources */,
				B8B16C84EB97F000DA88DE5D /* [CP] Embed Pods Frameworks */,
			);
			buildRules = (
			);
			dependencies = (
			);
			name = ZegoPrebuiltVideoConferenceDemo;
			productName = ZegoPrebuiltVideoConferenceDemo;
			productReference = 860F80F028D17B4C00E9AF62 /* ZegoPrebuiltVideoConferenceDemo.app */;
			productType = "com.apple.product-type.application";
		};
/* End PBXNativeTarget section */

/* Begin PBXProject section */
		860F80E828D17B4C00E9AF62 /* Project object */ = {
			isa = PBXProject;
			attributes = {
				BuildIndependentTargetsInParallel = 1;
				LastSwiftUpdateCheck = 1310;
				LastUpgradeCheck = 1310;
				TargetAttributes = {
					860F80EF28D17B4C00E9AF62 = {
						CreatedOnToolsVersion = 13.1;
					};
				};
			};
			buildConfigurationList = 860F80EB28D17B4C00E9AF62 /* Build configuration list for PBXProject "ZegoPrebuiltVideoConferenceDemo" */;
			compatibilityVersion = "Xcode 13.0";
			developmentRegion = en;
			hasScannedForEncodings = 0;
			knownRegions = (
				en,
				Base,
			);
			mainGroup = 860F80E728D17B4C00E9AF62;
			productRefGroup = 860F80F128D17B4C00E9AF62 /* Products */;
			projectDirPath = "";
			projectRoot = "";
			targets = (
				860F80EF28D17B4C00E9AF62 /* ZegoPrebuiltVideoConferenceDemo */,
			);
		};
/* End PBXProject section */

/* Begin PBXResourcesBuildPhase section */
		860F80EE28D17B4C00E9AF62 /* Resources */ = {
			isa = PBXResourcesBuildPhase;
			buildActionMask = 2147483647;
			files = (
				860F810028D17B4E00E9AF62 /* LaunchScreen.storyboard in Resources */,
				860F80FD28D17B4E00E9AF62 /* Assets.xcassets in Resources */,
				860F80FB28D17B4C00E9AF62 /* Main.storyboard in Resources */,
			);
			runOnlyForDeploymentPostprocessing = 0;
		};
/* End PBXResourcesBuildPhase section */

/* Begin PBXShellScriptBuildPhase section */
		76099C6A3180B222BBC65F3A /* [CP] Check Pods Manifest.lock */ = {
			isa = PBXShellScriptBuildPhase;
			buildActionMask = 2147483647;
			files = (
			);
			inputFileListPaths = (
			);
			inputPaths = (
				"${PODS_PODFILE_DIR_PATH}/Podfile.lock",
				"${PODS_ROOT}/Manifest.lock",
			);
			name = "[CP] Check Pods Manifest.lock";
			outputFileListPaths = (
			);
			outputPaths = (
				"$(DERIVED_FILE_DIR)/Pods-ZegoPrebuiltVideoConferenceDemo-checkManifestLockResult.txt",
			);
			runOnlyForDeploymentPostprocessing = 0;
			shellPath = /bin/sh;
			shellScript = "diff \"${PODS_PODFILE_DIR_PATH}/Podfile.lock\" \"${PODS_ROOT}/Manifest.lock\" > /dev/null\nif [ $? != 0 ] ; then\n    # print error to STDERR\n    echo \"error: The sandbox is not in sync with the Podfile.lock. Run 'pod install' or update your CocoaPods installation.\" >&2\n    exit 1\nfi\n# This output is used by Xcode 'outputs' to avoid re-running this script phase.\necho \"SUCCESS\" > \"${SCRIPT_OUTPUT_FILE_0}\"\n";
			showEnvVarsInLog = 0;
		};
		B8B16C84EB97F000DA88DE5D /* [CP] Embed Pods Frameworks */ = {
			isa = PBXShellScriptBuildPhase;
			buildActionMask = 2147483647;
			files = (
			);
			inputFileListPaths = (
				"${PODS_ROOT}/Target Support Files/Pods-ZegoPrebuiltVideoConferenceDemo/Pods-ZegoPrebuiltVideoConferenceDemo-frameworks-${CONFIGURATION}-input-files.xcfilelist",
			);
			name = "[CP] Embed Pods Frameworks";
			outputFileListPaths = (
				"${PODS_ROOT}/Target Support Files/Pods-ZegoPrebuiltVideoConferenceDemo/Pods-ZegoPrebuiltVideoConferenceDemo-frameworks-${CONFIGURATION}-output-files.xcfilelist",
			);
			runOnlyForDeploymentPostprocessing = 0;
			shellPath = /bin/sh;
			shellScript = "\"${PODS_ROOT}/Target Support Files/Pods-ZegoPrebuiltVideoConferenceDemo/Pods-ZegoPrebuiltVideoConferenceDemo-frameworks.sh\"\n";
			showEnvVarsInLog = 0;
		};
/* End PBXShellScriptBuildPhase section */

/* Begin PBXSourcesBuildPhase section */
		860F80EC28D17B4C00E9AF62 /* Sources */ = {
			isa = PBXSourcesBuildPhase;
			buildActionMask = 2147483647;
			files = (
				860F80F828D17B4C00E9AF62 /* ViewController.swift in Sources */,
				860F80F428D17B4C00E9AF62 /* AppDelegate.swift in Sources */,
			);
			runOnlyForDeploymentPostprocessing = 0;
		};
/* End PBXSourcesBuildPhase section */

/* Begin PBXVariantGroup section */
		860F80F928D17B4C00E9AF62 /* Main.storyboard */ = {
			isa = PBXVariantGroup;
			children = (
				860F80FA28D17B4C00E9AF62 /* Base */,
			);
			name = Main.storyboard;
			sourceTree = "<group>";
		};
		860F80FE28D17B4E00E9AF62 /* LaunchScreen.storyboard */ = {
			isa = PBXVariantGroup;
			children = (
				860F80FF28D17B4E00E9AF62 /* Base */,
			);
			name = LaunchScreen.storyboard;
			sourceTree = "<group>";
		};
/* End PBXVariantGroup section */

/* Begin XCBuildConfiguration section */
		860F810228D17B4E00E9AF62 /* Debug */ = {
			isa = XCBuildConfiguration;
			buildSettings = {
				ALWAYS_SEARCH_USER_PATHS = NO;
				CLANG_ANALYZER_NONNULL = YES;
				CLANG_ANALYZER_NUMBER_OBJECT_CONVERSION = YES_AGGRESSIVE;
				CLANG_CXX_LANGUAGE_STANDARD = "gnu++17";
				CLANG_CXX_LIBRARY = "libc++";
				CLANG_ENABLE_MODULES = YES;
				CLANG_ENABLE_OBJC_ARC = YES;
				CLANG_ENABLE_OBJC_WEAK = YES;
				CLANG_WARN_BLOCK_CAPTURE_AUTORELEASING = YES;
				CLANG_WARN_BOOL_CONVERSION = YES;
				CLANG_WARN_COMMA = YES;
				CLANG_WARN_CONSTANT_CONVERSION = YES;
				CLANG_WARN_DEPRECATED_OBJC_IMPLEMENTATIONS = YES;
				CLANG_WARN_DIRECT_OBJC_ISA_USAGE = YES_ERROR;
				CLANG_WARN_DOCUMENTATION_COMMENTS = YES;
				CLANG_WARN_EMPTY_BODY = YES;
				CLANG_WARN_ENUM_CONVERSION = YES;
				CLANG_WARN_INFINITE_RECURSION = YES;
				CLANG_WARN_INT_CONVERSION = YES;
				CLANG_WARN_NON_LITERAL_NULL_CONVERSION = YES;
				CLANG_WARN_OBJC_IMPLICIT_RETAIN_SELF = YES;
				CLANG_WARN_OBJC_LITERAL_CONVERSION = YES;
				CLANG_WARN_OBJC_ROOT_CLASS = YES_ERROR;
				CLANG_WARN_QUOTED_INCLUDE_IN_FRAMEWORK_HEADER = YES;
				CLANG_WARN_RANGE_LOOP_ANALYSIS = YES;
				CLANG_WARN_STRICT_PROTOTYPES = YES;
				CLANG_WARN_SUSPICIOUS_MOVE = YES;
				CLANG_WARN_UNGUARDED_AVAILABILITY = YES_AGGRESSIVE;
				CLANG_WARN_UNREACHABLE_CODE = YES;
				CLANG_WARN__DUPLICATE_METHOD_MATCH = YES;
				COPY_PHASE_STRIP = NO;
				DEBUG_INFORMATION_FORMAT = dwarf;
				ENABLE_STRICT_OBJC_MSGSEND = YES;
				ENABLE_TESTABILITY = YES;
				GCC_C_LANGUAGE_STANDARD = gnu11;
				GCC_DYNAMIC_NO_PIC = NO;
				GCC_NO_COMMON_BLOCKS = YES;
				GCC_OPTIMIZATION_LEVEL = 0;
				GCC_PREPROCESSOR_DEFINITIONS = (
					"DEBUG=1",
					"$(inherited)",
				);
				GCC_WARN_64_TO_32_BIT_CONVERSION = YES;
				GCC_WARN_ABOUT_RETURN_TYPE = YES_ERROR;
				GCC_WARN_UNDECLARED_SELECTOR = YES;
				GCC_WARN_UNINITIALIZED_AUTOS = YES_AGGRESSIVE;
				GCC_WARN_UNUSED_FUNCTION = YES;
				GCC_WARN_UNUSED_VARIABLE = YES;
				IPHONEOS_DEPLOYMENT_TARGET = 15.0;
				MTL_ENABLE_DEBUG_INFO = INCLUDE_SOURCE;
				MTL_FAST_MATH = YES;
				ONLY_ACTIVE_ARCH = YES;
				SDKROOT = iphoneos;
				SWIFT_ACTIVE_COMPILATION_CONDITIONS = DEBUG;
				SWIFT_OPTIMIZATION_LEVEL = "-Onone";
			};
			name = Debug;
		};
		860F810328D17B4E00E9AF62 /* Release */ = {
			isa = XCBuildConfiguration;
			buildSettings = {
				ALWAYS_SEARCH_USER_PATHS = NO;
				CLANG_ANALYZER_NONNULL = YES;
				CLANG_ANALYZER_NUMBER_OBJECT_CONVERSION = YES_AGGRESSIVE;
				CLANG_CXX_LANGUAGE_STANDARD = "gnu++17";
				CLANG_CXX_LIBRARY = "libc++";
				CLANG_ENABLE_MODULES = YES;
				CLANG_ENABLE_OBJC_ARC = YES;
				CLANG_ENABLE_OBJC_WEAK = YES;
				CLANG_WARN_BLOCK_CAPTURE_AUTORELEASING = YES;
				CLANG_WARN_BOOL_CONVERSION = YES;
				CLANG_WARN_COMMA = YES;
				CLANG_WARN_CONSTANT_CONVERSION = YES;
				CLANG_WARN_DEPRECATED_OBJC_IMPLEMENTATIONS = YES;
				CLANG_WARN_DIRECT_OBJC_ISA_USAGE = YES_ERROR;
				CLANG_WARN_DOCUMENTATION_COMMENTS = YES;
				CLANG_WARN_EMPTY_BODY = YES;
				CLANG_WARN_ENUM_CONVERSION = YES;
				CLANG_WARN_INFINITE_RECURSION = YES;
				CLANG_WARN_INT_CONVERSION = YES;
				CLANG_WARN_NON_LITERAL_NULL_CONVERSION = YES;
				CLANG_WARN_OBJC_IMPLICIT_RETAIN_SELF = YES;
				CLANG_WARN_OBJC_LITERAL_CONVERSION = YES;
				CLANG_WARN_OBJC_ROOT_CLASS = YES_ERROR;
				CLANG_WARN_QUOTED_INCLUDE_IN_FRAMEWORK_HEADER = YES;
				CLANG_WARN_RANGE_LOOP_ANALYSIS = YES;
				CLANG_WARN_STRICT_PROTOTYPES = YES;
				CLANG_WARN_SUSPICIOUS_MOVE = YES;
				CLANG_WARN_UNGUARDED_AVAILABILITY = YES_AGGRESSIVE;
				CLANG_WARN_UNREACHABLE_CODE = YES;
				CLANG_WARN__DUPLICATE_METHOD_MATCH = YES;
				COPY_PHASE_STRIP = NO;
				DEBUG_INFORMATION_FORMAT = "dwarf-with-dsym";
				ENABLE_NS_ASSERTIONS = NO;
				ENABLE_STRICT_OBJC_MSGSEND = YES;
				GCC_C_LANGUAGE_STANDARD = gnu11;
				GCC_NO_COMMON_BLOCKS = YES;
				GCC_WARN_64_TO_32_BIT_CONVERSION = YES;
				GCC_WARN_ABOUT_RETURN_TYPE = YES_ERROR;
				GCC_WARN_UNDECLARED_SELECTOR = YES;
				GCC_WARN_UNINITIALIZED_AUTOS = YES_AGGRESSIVE;
				GCC_WARN_UNUSED_FUNCTION = YES;
				GCC_WARN_UNUSED_VARIABLE = YES;
				IPHONEOS_DEPLOYMENT_TARGET = 15.0;
				MTL_ENABLE_DEBUG_INFO = NO;
				MTL_FAST_MATH = YES;
				SDKROOT = iphoneos;
				SWIFT_COMPILATION_MODE = wholemodule;
				SWIFT_OPTIMIZATION_LEVEL = "-O";
				VALIDATE_PRODUCT = YES;
			};
			name = Release;
		};
		860F810528D17B4E00E9AF62 /* Debug */ = {
			isa = XCBuildConfiguration;
			baseConfigurationReference = DE3021BBE9E00F50AF1CDA8A /* Pods-ZegoPrebuiltVideoConferenceDemo.debug.xcconfig */;
			buildSettings = {
				ASSETCATALOG_COMPILER_APPICON_NAME = AppIcon;
				ASSETCATALOG_COMPILER_GLOBAL_ACCENT_COLOR_NAME = AccentColor;
				CODE_SIGN_STYLE = Automatic;
				CURRENT_PROJECT_VERSION = 7;
				DEVELOPMENT_TEAM = B82BHJ5H89;
				GENERATE_INFOPLIST_FILE = YES;
				INFOPLIST_FILE = ZegoPrebuiltVideoConferenceDemo/Info.plist;
				INFOPLIST_KEY_NSCameraUsageDescription = "We need to use your camera to help you join the meeting.";
				INFOPLIST_KEY_NSMicrophoneUsageDescription = "We need to use your mic to help you join the meeting.";
				INFOPLIST_KEY_UIApplicationSupportsIndirectInputEvents = YES;
				INFOPLIST_KEY_UILaunchStoryboardName = LaunchScreen;
				INFOPLIST_KEY_UIMainStoryboardFile = Main;
				INFOPLIST_KEY_UISupportedInterfaceOrientations = UIInterfaceOrientationPortrait;
				INFOPLIST_KEY_UISupportedInterfaceOrientations_iPad = "UIInterfaceOrientationPortrait UIInterfaceOrientationPortraitUpsideDown UIInterfaceOrientationLandscapeLeft UIInterfaceOrientationLandscapeRight";
				INFOPLIST_KEY_UISupportedInterfaceOrientations_iPhone = UIInterfaceOrientationPortrait;
				IPHONEOS_DEPLOYMENT_TARGET = 12.0;
				LD_RUNPATH_SEARCH_PATHS = (
					"$(inherited)",
					"@executable_path/Frameworks",
				);
				MARKETING_VERSION = 1.0;
				PRODUCT_BUNDLE_IDENTIFIER = com.zegocloud.uikit.videoconference.ZegoPrebuiltVideoConferenceDemo;
				PRODUCT_NAME = "$(TARGET_NAME)";
				SWIFT_EMIT_LOC_STRINGS = YES;
				SWIFT_VERSION = 5.0;
				TARGETED_DEVICE_FAMILY = "1,2";
			};
			name = Debug;
		};
		860F810628D17B4E00E9AF62 /* Release */ = {
			isa = XCBuildConfiguration;
			baseConfigurationReference = 1E6B8CAA0E82CB2EAF2B2568 /* Pods-ZegoPrebuiltVideoConferenceDemo.release.xcconfig */;
			buildSettings = {
				ASSETCATALOG_COMPILER_APPICON_NAME = AppIcon;
				ASSETCATALOG_COMPILER_GLOBAL_ACCENT_COLOR_NAME = AccentColor;
				CODE_SIGN_STYLE = Automatic;
				CURRENT_PROJECT_VERSION = 7;
				DEVELOPMENT_TEAM = B82BHJ5H89;
				GENERATE_INFOPLIST_FILE = YES;
				INFOPLIST_FILE = ZegoPrebuiltVideoConferenceDemo/Info.plist;
				INFOPLIST_KEY_NSCameraUsageDescription = "We need to use your camera to help you join the meeting.";
				INFOPLIST_KEY_NSMicrophoneUsageDescription = "We need to use your mic to help you join the meeting.";
				INFOPLIST_KEY_UIApplicationSupportsIndirectInputEvents = YES;
				INFOPLIST_KEY_UILaunchStoryboardName = LaunchScreen;
				INFOPLIST_KEY_UIMainStoryboardFile = Main;
				INFOPLIST_KEY_UISupportedInterfaceOrientations = UIInterfaceOrientationPortrait;
				INFOPLIST_KEY_UISupportedInterfaceOrientations_iPad = "UIInterfaceOrientationPortrait UIInterfaceOrientationPortraitUpsideDown UIInterfaceOrientationLandscapeLeft UIInterfaceOrientationLandscapeRight";
				INFOPLIST_KEY_UISupportedInterfaceOrientations_iPhone = UIInterfaceOrientationPortrait;
				IPHONEOS_DEPLOYMENT_TARGET = 12.0;
				LD_RUNPATH_SEARCH_PATHS = (
					"$(inherited)",
					"@executable_path/Frameworks",
				);
				MARKETING_VERSION = 1.0;
				PRODUCT_BUNDLE_IDENTIFIER = com.zegocloud.uikit.videoconference.ZegoPrebuiltVideoConferenceDemo;
				PRODUCT_NAME = "$(TARGET_NAME)";
				SWIFT_EMIT_LOC_STRINGS = YES;
				SWIFT_VERSION = 5.0;
				TARGETED_DEVICE_FAMILY = "1,2";
			};
			name = Release;
		};
/* End XCBuildConfiguration section */

/* Begin XCConfigurationList section */
		860F80EB28D17B4C00E9AF62 /* Build configuration list for PBXProject "ZegoPrebuiltVideoConferenceDemo" */ = {
			isa = XCConfigurationList;
			buildConfigurations = (
				860F810228D17B4E00E9AF62 /* Debug */,
				860F810328D17B4E00E9AF62 /* Release */,
			);
			defaultConfigurationIsVisible = 0;
			defaultConfigurationName = Release;
		};
		860F810428D17B4E00E9AF62 /* Build configuration list for PBXNativeTarget "ZegoPrebuiltVideoConferenceDemo" */ = {
			isa = XCConfigurationList;
			buildConfigurations = (
				860F810528D17B4E00E9AF62 /* Debug */,
				860F810628D17B4E00E9AF62 /* Release */,
			);
			defaultConfigurationIsVisible = 0;
			defaultConfigurationName = Release;
		};
/* End XCConfigurationList section */
	};
	rootObject = 860F80E828D17B4C00E9AF62 /* Project object */;
}
